<?xml version="1.0" encoding="UTF-8" standalone="yes" ?>
<CodeBlocks_project_file>
	<FileVersion major="1" minor="6" />
	<Project>
		<Option title="Balls" />
		<Option pch_mode="2" />
		<Option compiler="gnu_gcc_compiler__strict" />
		<Build>
			<Target title="Debug">
				<Option output="bin/Debug/Balls" prefix_auto="1" extension_auto="1" />
				<Option object_output="obj/Debug/" />
				<Option type="1" />
				<Option compiler="gnu_gcc_compiler__strict" />
				<Compiler>
					<Add option="-g" />
				</Compiler>
			</Target>
			<Target title="Release">
				<Option output="bin/Release/Balls" prefix_auto="1" extension_auto="1" />
				<Option object_output="obj/Release/" />
				<Option type="1" />
				<Option compiler="gnu_gcc_compiler__strict" />
				<Compiler>
					<Add option="-O2" />
				</Compiler>
				<Linker>
					<Add option="-s" />
				</Linker>
			</Target>
		</Build>
		<Compiler>
			<Add option="-Wall" />
		</Compiler>
		<Unit filename="Ball.cpp" />
		<Unit filename="Ball.h" />
		<Unit filename="BallManager.cpp" />
		<Unit filename="BallManager.h" />
		<Unit filename="Globals.cpp" />
		<Unit filename="Globals.h" />
		<Unit filename="Main.cpp" />
		<Unit filename="MathVector.cpp" />
		<Unit filename="MathVector.h" />
		<Unit filename="Scoreboard.cpp" />
		<Unit filename="Scoreboard.h" />
		<Extensions>
			<code_completion />
			<envvars />
			<debugger />
			<lib_finder disable_auto="1" />
		</Extensions>
	</Project>
</CodeBlocks_project_file>
